
Microsoft Visual Studio Solution File, Format Version 12.00
# Visual Studio Version 16
VisualStudioVersion = 16.0.29806.167
MinimumVisualStudioVersion = 10.0.40219.1
Project("{FAE04EC0-301F-11D3-BF4B-00C04F79EFBC}") = "DZ_ListBox_TreeView_FINDER", "DZ_ListBox_TreeView_FINDER.csproj", "{035983A9-86B9-47A0-8CD4-7DC5C7819A75}"
EndProject
Global
	GlobalSection(SolutionConfigurationPlatforms) = preSolution
		Debug|Any CPU = Debug|Any CPU
		Release|Any CPU = Release|Any CPU
	EndGlobalSection
	GlobalSection(ProjectConfigurationPlatforms) = postSolution
		{035983A9-86B9-47A0-8CD4-7DC5C7819A75}.Debug|Any CPU.ActiveCfg = Debug|Any CPU
		{035983A9-86B9-47A0-8CD4-7DC5C7819A75}.Debug|Any CPU.Build.0 = Debug|Any CPU
		{035983A9-86B9-47A0-8CD4-7DC5C7819A75}.Release|Any CPU.ActiveCfg = Release|Any CPU
		{035983A9-86B9-47A0-8CD4-7DC5C7819A75}.Release|Any CPU.Build.0 = Release|Any CPU
	EndGlobalSection
	GlobalSection(SolutionProperties) = preSolution
		HideSolutionNode = FALSE
	EndGlobalSection
	GlobalSection(ExtensibilityGlobals) = postSolution
		SolutionGuid = {BA55B888-3BF7-491C-845C-89BA4F389F58}
	EndGlobalSection
EndGlobal
